// !$*UTF8*$!
{
	archiveVersion = 1;
	classes = {
	};
	objectVersion = 46;
	objects = {

/* Begin PBXBuildFile section */
		0137DA7D1DAD878400C5BD4E /* AppDelegate.swift in Sources */ = {isa = PBXBuildFile; fileRef = 0137DA7C1DAD878400C5BD4E /* AppDelegate.swift */; };
		0137DA7F1DAD878400C5BD4E /* SignInVC.swift in Sources */ = {isa = PBXBuildFile; fileRef = 0137DA7E1DAD878400C5BD4E /* SignInVC.swift */; };
		0137DA821DAD878500C5BD4E /* Main.storyboard in Resources */ = {isa = PBXBuildFile; fileRef = 0137DA801DAD878500C5BD4E /* Main.storyboard */; };
		0137DA841DAD878500C5BD4E /* Assets.xcassets in Resources */ = {isa = PBXBuildFile; fileRef = 0137DA831DAD878500C5BD4E /* Assets.xcassets */; };
		0137DA871DAD878500C5BD4E /* LaunchScreen.storyboard in Resources */ = {isa = PBXBuildFile; fileRef = 0137DA851DAD878500C5BD4E /* LaunchScreen.storyboard */; };
		0137DA8F1DAD87F300C5BD4E /* GoogleService-Info-3.plist in Resources */ = {isa = PBXBuildFile; fileRef = 0137DA8E1DAD87F300C5BD4E /* GoogleService-Info-3.plist */; };
		B8AE938B9F24AB372D656223 /* libPods-Sports Dating App.a in Frameworks */ = {isa = PBXBuildFile; fileRef = 076719487A52B193430915FB /* libPods-Sports Dating App.a */; };
/* End PBXBuildFile section */

/* Begin PBXFileReference section */
		0137DA791DAD878400C5BD4E /* Sports Dating App.app */ = {isa = PBXFileReference; explicitFileType = wrapper.application; includeInIndex = 0; path = "Sports Dating App.app"; sourceTree = BUILT_PRODUCTS_DIR; };
		0137DA7C1DAD878400C5BD4E /* AppDelegate.swift */ = {isa = PBXFileReference; lastKnownFileType = sourcecode.swift; path = AppDelegate.swift; sourceTree = "<group>"; };
		0137DA7E1DAD878400C5BD4E /* SignInVC.swift */ = {isa = PBXFileReference; lastKnownFileType = sourcecode.swift; path = SignInVC.swift; sourceTree = "<group>"; };
		0137DA811DAD878500C5BD4E /* Base */ = {isa = PBXFileReference; lastKnownFileType = file.storyboard; name = Base; path = Base.lproj/Main.storyboard; sourceTree = "<group>"; };
		0137DA831DAD878500C5BD4E /* Assets.xcassets */ = {isa = PBXFileReference; lastKnownFileType = folder.assetcatalog; path = Assets.xcassets; sourceTree = "<group>"; };
		0137DA861DAD878500C5BD4E /* Base */ = {isa = PBXFileReference; lastKnownFileType = file.storyboard; name = Base; path = Base.lproj/LaunchScreen.storyboard; sourceTree = "<group>"; };
		0137DA881DAD878500C5BD4E /* Info.plist */ = {isa = PBXFileReference; lastKnownFileType = text.plist.xml; path = Info.plist; sourceTree = "<group>"; };
		0137DA8E1DAD87F300C5BD4E /* GoogleService-Info-3.plist */ = {isa = PBXFileReference; fileEncoding = 4; lastKnownFileType = text.plist.xml; path = "GoogleService-Info-3.plist"; sourceTree = "<group>"; };
		076719487A52B193430915FB /* libPods-Sports Dating App.a */ = {isa = PBXFileReference; explicitFileType = archive.ar; includeInIndex = 0; path = "libPods-Sports Dating App.a"; sourceTree = BUILT_PRODUCTS_DIR; };
		AC094DEF806E3B05DDA77B8F /* Pods-Sports Dating App.debug.xcconfig */ = {isa = PBXFileReference; includeInIndex = 1; lastKnownFileType = text.xcconfig; name = "Pods-Sports Dating App.debug.xcconfig"; path = "Pods/Target Support Files/Pods-Sports Dating App/Pods-Sports Dating App.debug.xcconfig"; sourceTree = "<group>"; };
		B5AC9B3E8C22AECF846D5EA1 /* Pods-Sports Dating App.release.xcconfig */ = {isa = PBXFileReference; includeInIndex = 1; lastKnownFileType = text.xcconfig; name = "Pods-Sports Dating App.release.xcconfig"; path = "Pods/Target Support Files/Pods-Sports Dating App/Pods-Sports Dating App.release.xcconfig"; sourceTree = "<group>"; };
/* End PBXFileReference section */

/* Begin PBXFrameworksBuildPhase section */
		0137DA761DAD877C00C5BD4E /* Frameworks */ = {
			isa = PBXFrameworksBuildPhase;
			buildActionMask = 2147483647;
			files = (
				B8AE938B9F24AB372D656223 /* libPods-Sports Dating App.a in Frameworks */,
			);
			runOnlyForDeploymentPostprocessing = 0;
		};
/* End PBXFrameworksBuildPhase section */

/* Begin PBXGroup section */
		0137DA701DAD877C00C5BD4E = {
			isa = PBXGroup;
			children = (
				0137DA7B1DAD878400C5BD4E /* Sports Dating App */,
				0137DA7A1DAD878400C5BD4E /* Products */,
				AD0A06F30A2B273D46DFFDCC /* Pods */,
				95172D26A64051881517265F /* Frameworks */,
			);
			sourceTree = "<group>";
		};
		0137DA7A1DAD878400C5BD4E /* Products */ = {
			isa = PBXGroup;
			children = (
				0137DA791DAD878400C5BD4E /* Sports Dating App.app */,
			);
			name = Products;
			sourceTree = "<group>";
		};
		0137DA7B1DAD878400C5BD4E /* Sports Dating App */ = {
			isa = PBXGroup;
			children = (
				01BC747A1DAD92180045567C /* Model */,
				01BC747C1DAD922B0045567C /* Controller */,
				01BC747B1DAD92200045567C /* View */,
				0137DA7C1DAD878400C5BD4E /* AppDelegate.swift */,
				0137DA801DAD878500C5BD4E /* Main.storyboard */,
				0137DA831DAD878500C5BD4E /* Assets.xcassets */,
				0137DA851DAD878500C5BD4E /* LaunchScreen.storyboard */,
				0137DA881DAD878500C5BD4E /* Info.plist */,
				0137DA8E1DAD87F300C5BD4E /* GoogleService-Info-3.plist */,
			);
			path = "Sports Dating App";
			sourceTree = "<group>";
		};
		01BC747A1DAD92180045567C /* Model */ = {
			isa = PBXGroup;
			children = (
			);
			name = Model;
			sourceTree = "<group>";
		};
		01BC747B1DAD92200045567C /* View */ = {
			isa = PBXGroup;
			children = (
			);
			name = View;
			sourceTree = "<group>";
		};
		01BC747C1DAD922B0045567C /* Controller */ = {
			isa = PBXGroup;
			children = (
				0137DA7E1DAD878400C5BD4E /* SignInVC.swift */,
			);
			name = Controller;
			sourceTree = "<group>";
		};
		95172D26A64051881517265F /* Frameworks */ = {
			isa = PBXGroup;
			children = (
				076719487A52B193430915FB /* libPods-Sports Dating App.a */,
			);
			name = Frameworks;
			sourceTree = "<group>";
		};
		AD0A06F30A2B273D46DFFDCC /* Pods */ = {
			isa = PBXGroup;
			children = (
				AC094DEF806E3B05DDA77B8F /* Pods-Sports Dating App.debug.xcconfig */,
				B5AC9B3E8C22AECF846D5EA1 /* Pods-Sports Dating App.release.xcconfig */,
			);
			name = Pods;
			sourceTree = "<group>";
		};
/* End PBXGroup section */

/* Begin PBXNativeTarget section */
		0137DA781DAD877C00C5BD4E /* Sports Dating App */ = {
			isa = PBXNativeTarget;
			buildConfigurationList = 0137DA8B1DAD878500C5BD4E /* Build configuration list for PBXNativeTarget "Sports Dating App" */;
			buildPhases = (
				D7AC3C01B0D18A7EB80D4D33 /* Check Pods Manifest.lock */,
				0137DA751DAD877C00C5BD4E /* Sources */,
				0137DA761DAD877C00C5BD4E /* Frameworks */,
				0137DA771DAD877C00C5BD4E /* Resources */,
				CCF36EED4B7AD9442BD65CD3 /* Embed Pods Frameworks */,
				69E6DF9F82FEFFB82A5D2E4F /* Copy Pods Resources */,
			);
			buildRules = (
			);
			dependencies = (
			);
			name = "Sports Dating App";
			productName = "Sports Dating App";
			productReference = 0137DA791DAD878400C5BD4E /* Sports Dating App.app */;
			productType = "com.apple.product-type.application";
		};
/* End PBXNativeTarget section */

/* Begin PBXProject section */
		0137DA711DAD877C00C5BD4E /* Project object */ = {
			isa = PBXProject;
			attributes = {
				LastSwiftUpdateCheck = 0800;
				LastUpgradeCheck = 0800;
				ORGANIZATIONNAME = "Nick Moore";
				TargetAttributes = {
					0137DA781DAD877C00C5BD4E = {
						CreatedOnToolsVersion = 8.0;
						ProvisioningStyle = Automatic;
					};
				};
			};
			buildConfigurationList = 0137DA741DAD877C00C5BD4E /* Build configuration list for PBXProject "Sports Dating App" */;
			compatibilityVersion = "Xcode 3.2";
			developmentRegion = English;
			hasScannedForEncodings = 0;
			knownRegions = (
				en,
				Base,
			);
			mainGroup = 0137DA701DAD877C00C5BD4E;
			productRefGroup = 0137DA7A1DAD878400C5BD4E /* Products */;
			projectDirPath = "";
			projectRoot = "";
			targets = (
				0137DA781DAD877C00C5BD4E /* Sports Dating App */,
			);
		};
/* End PBXProject section */

/* Begin PBXResourcesBuildPhase section */
		0137DA771DAD877C00C5BD4E /* Resources */ = {
			isa = PBXResourcesBuildPhase;
			buildActionMask = 2147483647;
			files = (
				0137DA871DAD878500C5BD4E /* LaunchScreen.storyboard in Resources */,
				0137DA841DAD878500C5BD4E /* Assets.xcassets in Resources */,
				0137DA821DAD878500C5BD4E /* Main.storyboard in Resources */,
				0137DA8F1DAD87F300C5BD4E /* GoogleService-Info-3.plist in Resources */,
			);
			runOnlyForDeploymentPostprocessing = 0;
		};
/* End PBXResourcesBuildPhase section */

/* Begin PBXShellScriptBuildPhase section */
		69E6DF9F82FEFFB82A5D2E4F /* Copy Pods Resources */ = {
			isa = PBXShellScriptBuildPhase;
			buildActionMask = 2147483647;
			files = (
			);
			inputPaths = (
			);
			name = "Copy Pods Resources";
			outputPaths = (
			);
			runOnlyForDeploymentPostprocessing = 0;
			shellPath = /bin/sh;
			shellScript = "\"${SRCROOT}/Pods/Target Support Files/Pods-Sports Dating App/Pods-Sports Dating App-resources.sh\"\n";
			showEnvVarsInLog = 0;
		};
		CCF36EED4B7AD9442BD65CD3 /* Embed Pods Frameworks */ = {
			isa = PBXShellScriptBuildPhase;
			buildActionMask = 2147483647;
			files = (
			);
			inputPaths = (
			);
			name = "Embed Pods Frameworks";
			outputPaths = (
			);
			runOnlyForDeploymentPostprocessing = 0;
			shellPath = /bin/sh;
			shellScript = "\"${SRCROOT}/Pods/Target Support Files/Pods-Sports Dating App/Pods-Sports Dating App-frameworks.sh\"\n";
			showEnvVarsInLog = 0;
		};
		D7AC3C01B0D18A7EB80D4D33 /* Check Pods Manifest.lock */ = {
			isa = PBXShellScriptBuildPhase;
			buildActionMask = 2147483647;
			files = (
			);
			inputPaths = (
			);
			name = "Check Pods Manifest.lock";
			outputPaths = (
			);
			runOnlyForDeploymentPostprocessing = 0;
			shellPath = /bin/sh;
			shellScript = "diff \"${PODS_ROOT}/../Podfile.lock\" \"${PODS_ROOT}/Manifest.lock\" > /dev/null\nif [[ $? != 0 ]] ; then\n    cat << EOM\nerror: The sandbox is not in sync with the Podfile.lock. Run 'pod install' or update your CocoaPods installation.\nEOM\n    exit 1\nfi\n";
			showEnvVarsInLog = 0;
		};
/* End PBXShellScriptBuildPhase section */

/* Begin PBXSourcesBuildPhase section */
		0137DA751DAD877C00C5BD4E /* Sources */ = {
			isa = PBXSourcesBuildPhase;
			buildActionMask = 2147483647;
			files = (
				0137DA7F1DAD878400C5BD4E /* SignInVC.swift in Sources */,
				0137DA7D1DAD878400C5BD4E /* AppDelegate.swift in Sources */,
			);
			runOnlyForDeploymentPostprocessing = 0;
		};
/* End PBXSourcesBuildPhase section */

/* Begin PBXVariantGroup section */
		0137DA801DAD878500C5BD4E /* Main.storyboard */ = {
			isa = PBXVariantGroup;
			children = (
				0137DA811DAD878500C5BD4E /* Base */,
			);
			name = Main.storyboard;
			sourceTree = "<group>";
		};
		0137DA851DAD878500C5BD4E /* LaunchScreen.storyboard */ = {
			isa = PBXVariantGroup;
			children = (
				0137DA861DAD878500C5BD4E /* Base */,
			);
			name = LaunchScreen.storyboard;
			sourceTree = "<group>";
		};
/* End PBXVariantGroup section */

/* Begin XCBuildConfiguration section */
		0137DA891DAD878500C5BD4E /* Debug */ = {
			isa = XCBuildConfiguration;
			buildSettings = {
				ALWAYS_SEARCH_USER_PATHS = NO;
				CLANG_ANALYZER_NONNULL = YES;
				CLANG_CXX_LANGUAGE_STANDARD = "gnu++0x";
				CLANG_CXX_LIBRARY = "libc++";
				CLANG_ENABLE_MODULES = YES;
				CLANG_ENABLE_OBJC_ARC = YES;
				CLANG_WARN_BOOL_CONVERSION = YES;
				CLANG_WARN_CONSTANT_CONVERSION = YES;
				CLANG_WARN_DIRECT_OBJC_ISA_USAGE = YES_ERROR;
				CLANG_WARN_DOCUMENTATION_COMMENTS = YES;
				CLANG_WARN_EMPTY_BODY = YES;
				CLANG_WARN_ENUM_CONVERSION = YES;
				CLANG_WARN_INFINITE_RECURSION = YES;
				CLANG_WARN_INT_CONVERSION = YES;
				CLANG_WARN_OBJC_ROOT_CLASS = YES_ERROR;
				CLANG_WARN_SUSPICIOUS_MOVES = YES;
				CLANG_WARN_UNREACHABLE_CODE = YES;
				CLANG_WARN__DUPLICATE_METHOD_MATCH = YES;
				"CODE_SIGN_IDENTITY[sdk=iphoneos*]" = "iPhone Developer";
				COPY_PHASE_STRIP = NO;
				DEBUG_INFORMATION_FORMAT = dwarf;
				ENABLE_STRICT_OBJC_MSGSEND = YES;
				ENABLE_TESTABILITY = YES;
				GCC_C_LANGUAGE_STANDARD = gnu99;
				GCC_DYNAMIC_NO_PIC = NO;
				GCC_NO_COMMON_BLOCKS = YES;
				GCC_OPTIMIZATION_LEVEL = 0;
				GCC_PREPROCESSOR_DEFINITIONS = (
					"DEBUG=1",
					"$(inherited)",
				);
				GCC_WARN_64_TO_32_BIT_CONVERSION = YES;
				GCC_WARN_ABOUT_RETURN_TYPE = YES_ERROR;
				GCC_WARN_UNDECLARED_SELECTOR = YES;
				GCC_WARN_UNINITIALIZED_AUTOS = YES_AGGRESSIVE;
				GCC_WARN_UNUSED_FUNCTION = YES;
				GCC_WARN_UNUSED_VARIABLE = YES;
				IPHONEOS_DEPLOYMENT_TARGET = 10.0;
				MTL_ENABLE_DEBUG_INFO = YES;
				ONLY_ACTIVE_ARCH = YES;
				SDKROOT = iphoneos;
				SWIFT_ACTIVE_COMPILATION_CONDITIONS = DEBUG;
				SWIFT_OPTIMIZATION_LEVEL = "-Onone";
			};
			name = Debug;
		};
		0137DA8A1DAD878500C5BD4E /* Release */ = {
			isa = XCBuildConfiguration;
			buildSettings = {
				ALWAYS_SEARCH_USER_PATHS = NO;
				CLANG_ANALYZER_NONNULL = YES;
				CLANG_CXX_LANGUAGE_STANDARD = "gnu++0x";
				CLANG_CXX_LIBRARY = "libc++";
				CLANG_ENABLE_MODULES = YES;
				CLANG_ENABLE_OBJC_ARC = YES;
				CLANG_WARN_BOOL_CONVERSION = YES;
				CLANG_WARN_CONSTANT_CONVERSION = YES;
				CLANG_WARN_DIRECT_OBJC_ISA_USAGE = YES_ERROR;
				CLANG_WARN_DOCUMENTATION_COMMENTS = YES;
				CLANG_WARN_EMPTY_BODY = YES;
				CLANG_WARN_ENUM_CONVERSION = YES;
				CLANG_WARN_INFINITE_RECURSION = YES;
				CLANG_WARN_INT_CONVERSION = YES;
				CLANG_WARN_OBJC_ROOT_CLASS = YES_ERROR;
				CLANG_WARN_SUSPICIOUS_MOVES = YES;
				CLANG_WARN_UNREACHABLE_CODE = YES;
				CLANG_WARN__DUPLICATE_METHOD_MATCH = YES;
				"CODE_SIGN_IDENTITY[sdk=iphoneos*]" = "iPhone Developer";
				COPY_PHASE_STRIP = NO;
				DEBUG_INFORMATION_FORMAT = "dwarf-with-dsym";
				ENABLE_NS_ASSERTIONS = NO;
				ENABLE_STRICT_OBJC_MSGSEND = YES;
				GCC_C_LANGUAGE_STANDARD = gnu99;
				GCC_NO_COMMON_BLOCKS = YES;
				GCC_WARN_64_TO_32_BIT_CONVERSION = YES;
				GCC_WARN_ABOUT_RETURN_TYPE = YES_ERROR;
				GCC_WARN_UNDECLARED_SELECTOR = YES;
				GCC_WARN_UNINITIALIZED_AUTOS = YES_AGGRESSIVE;
				GCC_WARN_UNUSED_FUNCTION = YES;
				GCC_WARN_UNUSED_VARIABLE = YES;
				IPHONEOS_DEPLOYMENT_TARGET = 10.0;
				MTL_ENABLE_DEBUG_INFO = NO;
				SDKROOT = iphoneos;
				SWIFT_OPTIMIZATION_LEVEL = "-Owholemodule";
				VALIDATE_PRODUCT = YES;
			};
			name = Release;
		};
		0137DA8C1DAD878500C5BD4E /* Debug */ = {
			isa = XCBuildConfiguration;
			baseConfigurationReference = AC094DEF806E3B05DDA77B8F /* Pods-Sports Dating App.debug.xcconfig */;
			buildSettings = {
				ASSETCATALOG_COMPILER_APPICON_NAME = AppIcon;
				INFOPLIST_FILE = "Sports Dating App/Info.plist";
				LD_RUNPATH_SEARCH_PATHS = "$(inherited) @executable_path/Frameworks";
				PRODUCT_BUNDLE_IDENTIFIER = "com.example.Sports-Dating-App";
				PRODUCT_NAME = "$(TARGET_NAME)";
				SWIFT_VERSION = 3.0;
			};
			name = Debug;
		};
		0137DA8D1DAD878500C5BD4E /* Release */ = {
			isa = XCBuildConfiguration;
			baseConfigurationReference = B5AC9B3E8C22AECF846D5EA1 /* Pods-Sports Dating App.release.xcconfig */;
			buildSettings = {
				ASSETCATALOG_COMPILER_APPICON_NAME = AppIcon;
				INFOPLIST_FILE = "Sports Dating App/Info.plist";
				LD_RUNPATH_SEARCH_PATHS = "$(inherited) @executable_path/Frameworks";
				PRODUCT_BUNDLE_IDENTIFIER = "com.example.Sports-Dating-App";
				PRODUCT_NAME = "$(TARGET_NAME)";
				SWIFT_VERSION = 3.0;
			};
			name = Release;
		};
/* End XCBuildConfiguration section */

/* Begin XCConfigurationList section */
		0137DA741DAD877C00C5BD4E /* Build configuration list for PBXProject "Sports Dating App" */ = {
			isa = XCConfigurationList;
			buildConfigurations = (
				0137DA891DAD878500C5BD4E /* Debug */,
				0137DA8A1DAD878500C5BD4E /* Release */,
			);
			defaultConfigurationIsVisible = 0;
			defaultConfigurationName = Release;
		};
		0137DA8B1DAD878500C5BD4E /* Build configuration list for PBXNativeTarget "Sports Dating App" */ = {
			isa = XCConfigurationList;
			buildConfigurations = (
				0137DA8C1DAD878500C5BD4E /* Debug */,
				0137DA8D1DAD878500C5BD4E /* Release */,
			);
			defaultConfigurationIsVisible = 0;
			defaultConfigurationName = Release;
		};
/* End XCConfigurationList section */
	};
	rootObject = 0137DA711DAD877C00C5BD4E /* Project object */;
}
